
Microsoft Visual Studio Solution File, Format Version 12.00
# Visual Studio Version 16
VisualStudioVersion = 16.0.29911.84
MinimumVisualStudioVersion = 10.0.40219.1
Project("{FAE04EC0-301F-11D3-BF4B-00C04F79EFBC}") = "APBD_cw2", "APBD_cw2\APBD_cw2.csproj", "{C8984DCE-BFDA-4ED6-9182-853422FA7E51}"
EndProject
Global
	GlobalSection(SolutionConfigurationPlatforms) = preSolution
		Debug|Any CPU = Debug|Any CPU
		Release|Any CPU = Release|Any CPU
	EndGlobalSection
	GlobalSection(ProjectConfigurationPlatforms) = postSolution
		{C8984DCE-BFDA-4ED6-9182-853422FA7E51}.Debug|Any CPU.ActiveCfg = Debug|Any CPU
		{C8984DCE-BFDA-4ED6-9182-853422FA7E51}.Debug|Any CPU.Build.0 = Debug|Any CPU
		{C8984DCE-BFDA-4ED6-9182-853422FA7E51}.Release|Any CPU.ActiveCfg = Release|Any CPU
		{C8984DCE-BFDA-4ED6-9182-853422FA7E51}.Release|Any CPU.Build.0 = Release|Any CPU
	EndGlobalSection
	GlobalSection(SolutionProperties) = preSolution
		HideSolutionNode = FALSE
	EndGlobalSection
	GlobalSection(ExtensibilityGlobals) = postSolution
		SolutionGuid = {2DEA69A2-8EBA-41B8-BC8D-07E1FB6DA9E0}
	EndGlobalSection
EndGlobal
